// !$*UTF8*$!
{
	archiveVersion = 1;
	classes = {
	};
	objectVersion = 46;
	objects = {

/* Begin PBXBuildFile section */
		190EEE641F3AA0DF00994645 /* main.m in Sources */ = {isa = PBXBuildFile; fileRef = 190EEE631F3AA0DF00994645 /* main.m */; };
		190EEE671F3AA0DF00994645 /* AppDelegate.m in Sources */ = {isa = PBXBuildFile; fileRef = 190EEE661F3AA0DF00994645 /* AppDelegate.m */; };
		190EEE6A1F3AA0DF00994645 /* ViewController.m in Sources */ = {isa = PBXBuildFile; fileRef = 190EEE691F3AA0DF00994645 /* ViewController.m */; };
		190EEE6D1F3AA0DF00994645 /* Main.storyboard in Resources */ = {isa = PBXBuildFile; fileRef = 190EEE6B1F3AA0DF00994645 /* Main.storyboard */; };
		190EEE6F1F3AA0DF00994645 /* Assets.xcassets in Resources */ = {isa = PBXBuildFile; fileRef = 190EEE6E1F3AA0DF00994645 /* Assets.xcassets */; };
		190EEE721F3AA0DF00994645 /* LaunchScreen.storyboard in Resources */ = {isa = PBXBuildFile; fileRef = 190EEE701F3AA0DF00994645 /* LaunchScreen.storyboard */; };
/* End PBXBuildFile section */

/* Begin PBXFileReference section */
		190EEE5F1F3AA0DF00994645 /* autowithscroll.app */ = {isa = PBXFileReference; explicitFileType = wrapper.application; includeInIndex = 0; path = autowithscroll.app; sourceTree = BUILT_PRODUCTS_DIR; };
		190EEE631F3AA0DF00994645 /* main.m */ = {isa = PBXFileReference; lastKnownFileType = sourcecode.c.objc; path = main.m; sourceTree = "<group>"; };
		190EEE651F3AA0DF00994645 /* AppDelegate.h */ = {isa = PBXFileReference; lastKnownFileType = sourcecode.c.h; path = AppDelegate.h; sourceTree = "<group>"; };
		190EEE661F3AA0DF00994645 /* AppDelegate.m */ = {isa = PBXFileReference; lastKnownFileType = sourcecode.c.objc; path = AppDelegate.m; sourceTree = "<group>"; };
		190EEE681F3AA0DF00994645 /* ViewController.h */ = {isa = PBXFileReference; lastKnownFileType = sourcecode.c.h; path = ViewController.h; sourceTree = "<group>"; };
		190EEE691F3AA0DF00994645 /* ViewController.m */ = {isa = PBXFileReference; lastKnownFileType = sourcecode.c.objc; path = ViewController.m; sourceTree = "<group>"; };
		190EEE6C1F3AA0DF00994645 /* Base */ = {isa = PBXFileReference; lastKnownFileType = file.storyboard; name = Base; path = Base.lproj/Main.storyboard; sourceTree = "<group>"; };
		190EEE6E1F3AA0DF00994645 /* Assets.xcassets */ = {isa = PBXFileReference; lastKnownFileType = folder.assetcatalog; path = Assets.xcassets; sourceTree = "<group>"; };
		190EEE711F3AA0DF00994645 /* Base */ = {isa = PBXFileReference; lastKnownFileType = file.storyboard; name = Base; path = Base.lproj/LaunchScreen.storyboard; sourceTree = "<group>"; };
		190EEE731F3AA0DF00994645 /* Info.plist */ = {isa = PBXFileReference; lastKnownFileType = text.plist.xml; path = Info.plist; sourceTree = "<group>"; };
/* End PBXFileReference section */

/* Begin PBXFrameworksBuildPhase section */
		190EEE5C1F3AA0DF00994645 /* Frameworks */ = {
			isa = PBXFrameworksBuildPhase;
			buildActionMask = 2147483647;
			files = (
			);
			runOnlyForDeploymentPostprocessing = 0;
		};
/* End PBXFrameworksBuildPhase section */

/* Begin PBXGroup section */
		190EEE561F3AA0DE00994645 = {
			isa = PBXGroup;
			children = (
				190EEE611F3AA0DF00994645 /* autowithscroll */,
				190EEE601F3AA0DF00994645 /* Products */,
			);
			sourceTree = "<group>";
		};
		190EEE601F3AA0DF00994645 /* Products */ = {
			isa = PBXGroup;
			children = (
				190EEE5F1F3AA0DF00994645 /* autowithscroll.app */,
			);
			name = Products;
			sourceTree = "<group>";
		};
		190EEE611F3AA0DF00994645 /* autowithscroll */ = {
			isa = PBXGroup;
			children = (
				190EEE651F3AA0DF00994645 /* AppDelegate.h */,
				190EEE661F3AA0DF00994645 /* AppDelegate.m */,
				190EEE681F3AA0DF00994645 /* ViewController.h */,
				190EEE691F3AA0DF00994645 /* ViewController.m */,
				190EEE6B1F3AA0DF00994645 /* Main.storyboard */,
				190EEE6E1F3AA0DF00994645 /* Assets.xcassets */,
				190EEE701F3AA0DF00994645 /* LaunchScreen.storyboard */,
				190EEE731F3AA0DF00994645 /* Info.plist */,
				190EEE621F3AA0DF00994645 /* Supporting Files */,
			);
			path = autowithscroll;
			sourceTree = "<group>";
		};
		190EEE621F3AA0DF00994645 /* Supporting Files */ = {
			isa = PBXGroup;
			children = (
				190EEE631F3AA0DF00994645 /* main.m */,
			);
			name = "Supporting Files";
			sourceTree = "<group>";
		};
/* End PBXGroup section */

/* Begin PBXNativeTarget section */
		190EEE5E1F3AA0DF00994645 /* autowithscroll */ = {
			isa = PBXNativeTarget;
			buildConfigurationList = 190EEE761F3AA0DF00994645 /* Build configuration list for PBXNativeTarget "autowithscroll" */;
			buildPhases = (
				190EEE5B1F3AA0DF00994645 /* Sources */,
				190EEE5C1F3AA0DF00994645 /* Frameworks */,
				190EEE5D1F3AA0DF00994645 /* Resources */,
			);
			buildRules = (
			);
			dependencies = (
			);
			name = autowithscroll;
			productName = autowithscroll;
			productReference = 190EEE5F1F3AA0DF00994645 /* autowithscroll.app */;
			productType = "com.apple.product-type.application";
		};
/* End PBXNativeTarget section */

/* Begin PBXProject section */
		190EEE571F3AA0DE00994645 /* Project object */ = {
			isa = PBXProject;
			attributes = {
				LastUpgradeCheck = 0830;
				ORGANIZATIONNAME = "Gaurav Amrutiya";
				TargetAttributes = {
					190EEE5E1F3AA0DF00994645 = {
						CreatedOnToolsVersion = 8.3.3;
						DevelopmentTeam = SM9B9XSU4H;
						ProvisioningStyle = Automatic;
					};
				};
			};
			buildConfigurationList = 190EEE5A1F3AA0DE00994645 /* Build configuration list for PBXProject "autowithscroll" */;
			compatibilityVersion = "Xcode 3.2";
			developmentRegion = English;
			hasScannedForEncodings = 0;
			knownRegions = (
				en,
				Base,
			);
			mainGroup = 190EEE561F3AA0DE00994645;
			productRefGroup = 190EEE601F3AA0DF00994645 /* Products */;
			projectDirPath = "";
			projectRoot = "";
			targets = (
				190EEE5E1F3AA0DF00994645 /* autowithscroll */,
			);
		};
/* End PBXProject section */

/* Begin PBXResourcesBuildPhase section */
		190EEE5D1F3AA0DF00994645 /* Resources */ = {
			isa = PBXResourcesBuildPhase;
			buildActionMask = 2147483647;
			files = (
				190EEE721F3AA0DF00994645 /* LaunchScreen.storyboard in Resources */,
				190EEE6F1F3AA0DF00994645 /* Assets.xcassets in Resources */,
				190EEE6D1F3AA0DF00994645 /* Main.storyboard in Resources */,
			);
			runOnlyForDeploymentPostprocessing = 0;
		};
/* End PBXResourcesBuildPhase section */

/* Begin PBXSourcesBuildPhase section */
		190EEE5B1F3AA0DF00994645 /* Sources */ = {
			isa = PBXSourcesBuildPhase;
			buildActionMask = 2147483647;
			files = (
				190EEE6A1F3AA0DF00994645 /* ViewController.m in Sources */,
				190EEE671F3AA0DF00994645 /* AppDelegate.m in Sources */,
				190EEE641F3AA0DF00994645 /* main.m in Sources */,
			);
			runOnlyForDeploymentPostprocessing = 0;
		};
/* End PBXSourcesBuildPhase section */

/* Begin PBXVariantGroup section */
		190EEE6B1F3AA0DF00994645 /* Main.storyboard */ = {
			isa = PBXVariantGroup;
			children = (
				190EEE6C1F3AA0DF00994645 /* Base */,
			);
			name = Main.storyboard;
			sourceTree = "<group>";
		};
		190EEE701F3AA0DF00994645 /* LaunchScreen.storyboard */ = {
			isa = PBXVariantGroup;
			children = (
				190EEE711F3AA0DF00994645 /* Base */,
			);
			name = LaunchScreen.storyboard;
			sourceTree = "<group>";
		};
/* End PBXVariantGroup section */

/* Begin XCBuildConfiguration section */
		190EEE741F3AA0DF00994645 /* Debug */ = {
			isa = XCBuildConfiguration;
			buildSettings = {
				ALWAYS_SEARCH_USER_PATHS = NO;
				CLANG_ANALYZER_NONNULL = YES;
				CLANG_ANALYZER_NUMBER_OBJECT_CONVERSION = YES_AGGRESSIVE;
				CLANG_CXX_LANGUAGE_STANDARD = "gnu++0x";
				CLANG_CXX_LIBRARY = "libc++";
				CLANG_ENABLE_MODULES = YES;
				CLANG_ENABLE_OBJC_ARC = YES;
				CLANG_WARN_BOOL_CONVERSION = YES;
				CLANG_WARN_CONSTANT_CONVERSION = YES;
				CLANG_WARN_DIRECT_OBJC_ISA_USAGE = YES_ERROR;
				CLANG_WARN_DOCUMENTATION_COMMENTS = YES;
				CLANG_WARN_EMPTY_BODY = YES;
				CLANG_WARN_ENUM_CONVERSION = YES;
				CLANG_WARN_INFINITE_RECURSION = YES;
				CLANG_WARN_INT_CONVERSION = YES;
				CLANG_WARN_OBJC_ROOT_CLASS = YES_ERROR;
				CLANG_WARN_SUSPICIOUS_MOVE = YES;
				CLANG_WARN_UNREACHABLE_CODE = YES;
				CLANG_WARN__DUPLICATE_METHOD_MATCH = YES;
				"CODE_SIGN_IDENTITY[sdk=iphoneos*]" = "iPhone Developer";
				COPY_PHASE_STRIP = NO;
				DEBUG_INFORMATION_FORMAT = dwarf;
				ENABLE_STRICT_OBJC_MSGSEND = YES;
				ENABLE_TESTABILITY = YES;
				GCC_C_LANGUAGE_STANDARD = gnu99;
				GCC_DYNAMIC_NO_PIC = NO;
				GCC_NO_COMMON_BLOCKS = YES;
				GCC_OPTIMIZATION_LEVEL = 0;
				GCC_PREPROCESSOR_DEFINITIONS = (
					"DEBUG=1",
					"$(inherited)",
				);
				GCC_WARN_64_TO_32_BIT_CONVERSION = YES;
				GCC_WARN_ABOUT_RETURN_TYPE = YES_ERROR;
				GCC_WARN_UNDECLARED_SELECTOR = YES;
				GCC_WARN_UNINITIALIZED_AUTOS = YES_AGGRESSIVE;
				GCC_WARN_UNUSED_FUNCTION = YES;
				GCC_WARN_UNUSED_VARIABLE = YES;
				IPHONEOS_DEPLOYMENT_TARGET = 10.3;
				MTL_ENABLE_DEBUG_INFO = YES;
				ONLY_ACTIVE_ARCH = YES;
				SDKROOT = iphoneos;
			};
			name = Debug;
		};
		190EEE751F3AA0DF00994645 /* Release */ = {
			isa = XCBuildConfiguration;
			buildSettings = {
				ALWAYS_SEARCH_USER_PATHS = NO;
				CLANG_ANALYZER_NONNULL = YES;
				CLANG_ANALYZER_NUMBER_OBJECT_CONVERSION = YES_AGGRESSIVE;
				CLANG_CXX_LANGUAGE_STANDARD = "gnu++0x";
				CLANG_CXX_LIBRARY = "libc++";
				CLANG_ENABLE_MODULES = YES;
				CLANG_ENABLE_OBJC_ARC = YES;
				CLANG_WARN_BOOL_CONVERSION = YES;
				CLANG_WARN_CONSTANT_CONVERSION = YES;
				CLANG_WARN_DIRECT_OBJC_ISA_USAGE = YES_ERROR;
				CLANG_WARN_DOCUMENTATION_COMMENTS = YES;
				CLANG_WARN_EMPTY_BODY = YES;
				CLANG_WARN_ENUM_CONVERSION = YES;
				CLANG_WARN_INFINITE_RECURSION = YES;
				CLANG_WARN_INT_CONVERSION = YES;
				CLANG_WARN_OBJC_ROOT_CLASS = YES_ERROR;
				CLANG_WARN_SUSPICIOUS_MOVE = YES;
				CLANG_WARN_UNREACHABLE_CODE = YES;
				CLANG_WARN__DUPLICATE_METHOD_MATCH = YES;
				"CODE_SIGN_IDENTITY[sdk=iphoneos*]" = "iPhone Developer";
				COPY_PHASE_STRIP = NO;
				DEBUG_INFORMATION_FORMAT = "dwarf-with-dsym";
				ENABLE_NS_ASSERTIONS = NO;
				ENABLE_STRICT_OBJC_MSGSEND = YES;
				GCC_C_LANGUAGE_STANDARD = gnu99;
				GCC_NO_COMMON_BLOCKS = YES;
				GCC_WARN_64_TO_32_BIT_CONVERSION = YES;
				GCC_WARN_ABOUT_RETURN_TYPE = YES_ERROR;
				GCC_WARN_UNDECLARED_SELECTOR = YES;
				GCC_WARN_UNINITIALIZED_AUTOS = YES_AGGRESSIVE;
				GCC_WARN_UNUSED_FUNCTION = YES;
				GCC_WARN_UNUSED_VARIABLE = YES;
				IPHONEOS_DEPLOYMENT_TARGET = 10.3;
				MTL_ENABLE_DEBUG_INFO = NO;
				SDKROOT = iphoneos;
				VALIDATE_PRODUCT = YES;
			};
			name = Release;
		};
		190EEE771F3AA0DF00994645 /* Debug */ = {
			isa = XCBuildConfiguration;
			buildSettings = {
				ASSETCATALOG_COMPILER_APPICON_NAME = AppIcon;
				DEVELOPMENT_TEAM = SM9B9XSU4H;
				INFOPLIST_FILE = autowithscroll/Info.plist;
				LD_RUNPATH_SEARCH_PATHS = "$(inherited) @executable_path/Frameworks";
				PRODUCT_BUNDLE_IDENTIFIER = COM.autowithscroll;
				PRODUCT_NAME = "$(TARGET_NAME)";
			};
			name = Debug;
		};
		190EEE781F3AA0DF00994645 /* Release */ = {
			isa = XCBuildConfiguration;
			buildSettings = {
				ASSETCATALOG_COMPILER_APPICON_NAME = AppIcon;
				DEVELOPMENT_TEAM = SM9B9XSU4H;
				INFOPLIST_FILE = autowithscroll/Info.plist;
				LD_RUNPATH_SEARCH_PATHS = "$(inherited) @executable_path/Frameworks";
				PRODUCT_BUNDLE_IDENTIFIER = COM.autowithscroll;
				PRODUCT_NAME = "$(TARGET_NAME)";
			};
			name = Release;
		};
/* End XCBuildConfiguration section */

/* Begin XCConfigurationList section */
		190EEE5A1F3AA0DE00994645 /* Build configuration list for PBXProject "autowithscroll" */ = {
			isa = XCConfigurationList;
			buildConfigurations = (
				190EEE741F3AA0DF00994645 /* Debug */,
				190EEE751F3AA0DF00994645 /* Release */,
			);
			defaultConfigurationIsVisible = 0;
			defaultConfigurationName = Release;
		};
		190EEE761F3AA0DF00994645 /* Build configuration list for PBXNativeTarget "autowithscroll" */ = {
			isa = XCConfigurationList;
			buildConfigurations = (
				190EEE771F3AA0DF00994645 /* Debug */,
				190EEE781F3AA0DF00994645 /* Release */,
			);
			defaultConfigurationIsVisible = 0;
		};
/* End XCConfigurationList section */
	};
	rootObject = 190EEE571F3AA0DE00994645 /* Project object */;
}
